<?xml version="1.0" encoding="UTF-8" standalone="yes" ?>
<CodeBlocks_project_file>
	<FileVersion major="1" minor="6" />
	<Project>
		<Option title="sliding_window" />
		<Option pch_mode="2" />
		<Option compiler="gcc" />
		<Build>
			<Target title="Debug">
				<Option output="sliding_window" prefix_auto="1" extension_auto="1" />
				<Option object_output="obj/Debug/" />
				<Option type="1" />
				<Option compiler="gcc" />
				<Option use_console_runner="0" />
				<Option parameters="--image examples\passport_02.jpg" />
				<Compiler>
					<Add option="-std=c++14" />
					<Add option="-g" />
					<Add directory="D:/DEV/SDK/msys32/mingw32/include/cairo" />
					<Add directory="D:/DEV/SDK/msys32/mingw32/lib/libffi-3.2.1/include" />
					<Add directory="D:/DEV/SDK/msys32/mingw32/include/pixman-1" />
					<Add directory="D:/DEV/SDK/msys32/mingw32/include/freetype2" />
					<Add directory="D:/DEV/SDK/msys32/mingw32/include/harfbuzz" />
					<Add directory="D:/DEV/SDK/msys32/mingw32/include/glib-2.0" />
					<Add directory="D:/DEV/SDK/msys32/mingw32/lib/glib-2.0/include" />
					<Add directory="D:/DEV/SDK/msys32/mingw32/include/libpng16" />
					<Add directory="D:/DEV/SDK/msys32/mingw32/include/pango-1.0" />
					<Add directory="D:/DEV/SDK/msys32/mingw32/include/fribidi" />
					<Add directory="D:/DEV/SDK/msys32/mingw32/include/leptonica" />
					<Add directory="D:/DEV/LIB/tesseract-4.1.1/tesseract-4.1.1/build" />
					<Add directory="D:/DEV/LIB/tesseract-4.1.1/tesseract-4.1.1/src/api" />
					<Add directory="D:/DEV/LIB/tesseract-4.1.1/tesseract-4.1.1/build/api" />
					<Add directory="D:/DEV/LIB/tesseract-4.1.1/tesseract-4.1.1/src/arch" />
					<Add directory="D:/DEV/LIB/tesseract-4.1.1/tesseract-4.1.1/src/ccmain" />
					<Add directory="D:/DEV/LIB/tesseract-4.1.1/tesseract-4.1.1/src/ccstruct" />
					<Add directory="D:/DEV/LIB/tesseract-4.1.1/tesseract-4.1.1/src/ccutil" />
					<Add directory="D:/DEV/LIB/tesseract-4.1.1/tesseract-4.1.1/src/classify" />
					<Add directory="D:/DEV/LIB/tesseract-4.1.1/tesseract-4.1.1/src/cutil" />
					<Add directory="D:/DEV/LIB/tesseract-4.1.1/tesseract-4.1.1/src/dict" />
					<Add directory="D:/DEV/LIB/tesseract-4.1.1/tesseract-4.1.1/src/lstm" />
					<Add directory="D:/DEV/LIB/tesseract-4.1.1/tesseract-4.1.1/src/opencl" />
					<Add directory="D:/DEV/LIB/tesseract-4.1.1/tesseract-4.1.1/src/textord" />
					<Add directory="D:/DEV/LIB/tesseract-4.1.1/tesseract-4.1.1/src/viewer" />
					<Add directory="D:/DEV/LIB/tesseract-4.1.1/tesseract-4.1.1/src/wordrec" />
					<Add directory="D:/DEV/LIB/tesseract-4.1.1/tesseract-4.1.1/src/training" />
					<Add directory="D:/DEV/LIB/OpenCV-3.4.7_x86_MinGW/include" />
					<Add directory="D:/DEV/workspaces_wx/cvplot" />
					<Add directory="D:/DEV/LIB/log4cpp/include" />
				</Compiler>
				<Linker>
					<Add library="D:/DEV/LIB/OpenCV-3.4.7_x86_MinGW/x86/mingw/lib/libopencv_aruco347.dll.a" />
					<Add library="D:/DEV/LIB/OpenCV-3.4.7_x86_MinGW/x86/mingw/lib/libopencv_ml347.dll.a" />
					<Add library="D:/DEV/LIB/OpenCV-3.4.7_x86_MinGW/x86/mingw/lib/libopencv_bgsegm347.dll.a" />
					<Add library="D:/DEV/LIB/OpenCV-3.4.7_x86_MinGW/x86/mingw/lib/libopencv_bioinspired347.dll.a" />
					<Add library="D:/DEV/LIB/OpenCV-3.4.7_x86_MinGW/x86/mingw/lib/libopencv_calib3d347.dll.a" />
					<Add library="D:/DEV/LIB/OpenCV-3.4.7_x86_MinGW/x86/mingw/lib/libopencv_ccalib347.dll.a" />
					<Add library="D:/DEV/LIB/OpenCV-3.4.7_x86_MinGW/x86/mingw/lib/libopencv_core347.dll.a" />
					<Add library="D:/DEV/LIB/OpenCV-3.4.7_x86_MinGW/x86/mingw/lib/libopencv_datasets347.dll.a" />
					<Add library="D:/DEV/LIB/OpenCV-3.4.7_x86_MinGW/x86/mingw/lib/libopencv_dnn_objdetect347.dll.a" />
					<Add library="D:/DEV/LIB/OpenCV-3.4.7_x86_MinGW/x86/mingw/lib/libopencv_dnn347.dll.a" />
					<Add library="D:/DEV/LIB/OpenCV-3.4.7_x86_MinGW/x86/mingw/lib/libopencv_dpm347.dll.a" />
					<Add library="D:/DEV/LIB/OpenCV-3.4.7_x86_MinGW/x86/mingw/lib/libopencv_face347.dll.a" />
					<Add library="D:/DEV/LIB/OpenCV-3.4.7_x86_MinGW/x86/mingw/lib/libopencv_features2d347.dll.a" />
					<Add library="D:/DEV/LIB/OpenCV-3.4.7_x86_MinGW/x86/mingw/lib/libopencv_flann347.dll.a" />
					<Add library="D:/DEV/LIB/OpenCV-3.4.7_x86_MinGW/x86/mingw/lib/libopencv_fuzzy347.dll.a" />
					<Add library="D:/DEV/LIB/OpenCV-3.4.7_x86_MinGW/x86/mingw/lib/libopencv_hdf347.dll.a" />
					<Add library="D:/DEV/LIB/OpenCV-3.4.7_x86_MinGW/x86/mingw/lib/libopencv_hfs347.dll.a" />
					<Add library="D:/DEV/LIB/OpenCV-3.4.7_x86_MinGW/x86/mingw/lib/libopencv_highgui347.dll.a" />
					<Add library="D:/DEV/LIB/OpenCV-3.4.7_x86_MinGW/x86/mingw/lib/libopencv_img_hash347.dll.a" />
					<Add library="D:/DEV/LIB/OpenCV-3.4.7_x86_MinGW/x86/mingw/lib/libopencv_imgcodecs347.dll.a" />
					<Add library="D:/DEV/LIB/OpenCV-3.4.7_x86_MinGW/x86/mingw/lib/libopencv_imgproc347.dll.a" />
					<Add library="D:/DEV/LIB/OpenCV-3.4.7_x86_MinGW/x86/mingw/lib/libopencv_line_descriptor347.dll.a" />
					<Add library="D:/DEV/LIB/OpenCV-3.4.7_x86_MinGW/x86/mingw/lib/libopencv_objdetect347.dll.a" />
					<Add library="D:/DEV/LIB/OpenCV-3.4.7_x86_MinGW/x86/mingw/lib/libopencv_optflow347.dll.a" />
					<Add library="D:/DEV/LIB/OpenCV-3.4.7_x86_MinGW/x86/mingw/lib/libopencv_ovis347.dll.a" />
					<Add library="D:/DEV/LIB/OpenCV-3.4.7_x86_MinGW/x86/mingw/lib/libopencv_phase_unwrapping347.dll.a" />
					<Add library="D:/DEV/LIB/OpenCV-3.4.7_x86_MinGW/x86/mingw/lib/libopencv_photo347.dll.a" />
					<Add library="D:/DEV/LIB/OpenCV-3.4.7_x86_MinGW/x86/mingw/lib/libopencv_plot347.dll.a" />
					<Add library="D:/DEV/LIB/OpenCV-3.4.7_x86_MinGW/x86/mingw/lib/libopencv_reg347.dll.a" />
					<Add library="D:/DEV/LIB/OpenCV-3.4.7_x86_MinGW/x86/mingw/lib/libopencv_rgbd347.dll.a" />
					<Add library="D:/DEV/LIB/OpenCV-3.4.7_x86_MinGW/x86/mingw/lib/libopencv_saliency347.dll.a" />
					<Add library="D:/DEV/LIB/OpenCV-3.4.7_x86_MinGW/x86/mingw/lib/libopencv_shape347.dll.a" />
					<Add library="D:/DEV/LIB/OpenCV-3.4.7_x86_MinGW/x86/mingw/lib/libopencv_stereo347.dll.a" />
					<Add library="D:/DEV/LIB/OpenCV-3.4.7_x86_MinGW/x86/mingw/lib/libopencv_stitching347.dll.a" />
					<Add library="D:/DEV/LIB/OpenCV-3.4.7_x86_MinGW/x86/mingw/lib/libopencv_structured_light347.dll.a" />
					<Add library="D:/DEV/LIB/OpenCV-3.4.7_x86_MinGW/x86/mingw/lib/libopencv_superres347.dll.a" />
					<Add library="D:/DEV/LIB/OpenCV-3.4.7_x86_MinGW/x86/mingw/lib/libopencv_surface_matching347.dll.a" />
					<Add library="D:/DEV/LIB/OpenCV-3.4.7_x86_MinGW/x86/mingw/lib/libopencv_text347.dll.a" />
					<Add library="D:/DEV/LIB/OpenCV-3.4.7_x86_MinGW/x86/mingw/lib/libopencv_tracking347.dll.a" />
					<Add library="D:/DEV/LIB/OpenCV-3.4.7_x86_MinGW/x86/mingw/lib/libopencv_video347.dll.a" />
					<Add library="D:/DEV/LIB/OpenCV-3.4.7_x86_MinGW/x86/mingw/lib/libopencv_videoio347.dll.a" />
					<Add library="D:/DEV/LIB/OpenCV-3.4.7_x86_MinGW/x86/mingw/lib/libopencv_videostab347.dll.a" />
					<Add library="D:/DEV/LIB/OpenCV-3.4.7_x86_MinGW/x86/mingw/lib/libopencv_xfeatures2d347.dll.a" />
					<Add library="D:/DEV/LIB/OpenCV-3.4.7_x86_MinGW/x86/mingw/lib/libopencv_ximgproc347.dll.a" />
					<Add library="D:/DEV/LIB/OpenCV-3.4.7_x86_MinGW/x86/mingw/lib/libopencv_xobjdetect347.dll.a" />
					<Add library="D:/DEV/LIB/OpenCV-3.4.7_x86_MinGW/x86/mingw/lib/libopencv_xphoto347.dll.a" />
					<Add library="D:/DEV/workspaces_wx/cvplot/lib/libcvplot.a" />
					<Add library="D:/DEV/LIB/log4cpp/lib/liblog4cpp.a" />
					<Add library="D:/DEV/LIB/tesseract-4.1.1/tesseract-4.1.1/build/tmp/lib/libtesseract_4_1_1.a" />
					<Add library="D:/DEV/SDK/msys32/mingw32/lib/liblept.dll.a" />
					<Add library="D:/DEV/SDK/msys32/mingw32/lib/libarchive.dll.a" />
					<Add library="D:/DEV/SDK/msys32/mingw32/lib/libicuuc.dll.a" />
					<Add library="D:/DEV/SDK/msys32/mingw32/lib/libicuin.dll.a" />
					<Add library="D:/DEV/SDK/msys32/mingw32/lib/libws2_32.a" />
					<Add directory="D:/DEV/SDK/msys32/mingw32/lib" />
				</Linker>
			</Target>
			<Target title="Release">
				<Option output="bin/Release/sliding_window" prefix_auto="1" extension_auto="1" />
				<Option working_dir="D:/DEV/LIB/OpenCV-4.1.2_x86_MinGW/Opencv412/x86/mingw/bin" />
				<Option object_output="obj/Release/" />
				<Option type="1" />
				<Option compiler="gcc" />
				<Compiler>
					<Add option="-O2" />
					<Add directory="$(#opencv.INCLUDE)" />
				</Compiler>
				<Linker>
					<Add option="-s" />
					<Add library="D:/DEV/LIB/OpenCV-4.1.2_x86_MinGW/Opencv412/x86/mingw/lib/libopencv_aruco412.dll.a" />
					<Add library="D:/DEV/LIB/OpenCV-4.1.2_x86_MinGW/Opencv412/x86/mingw/lib/libopencv_bgsegm412.dll.a" />
					<Add library="D:/DEV/LIB/OpenCV-4.1.2_x86_MinGW/Opencv412/x86/mingw/lib/libopencv_bioinspired412.dll.a" />
					<Add library="D:/DEV/LIB/OpenCV-4.1.2_x86_MinGW/Opencv412/x86/mingw/lib/libopencv_calib3d412.dll.a" />
					<Add library="D:/DEV/LIB/OpenCV-4.1.2_x86_MinGW/Opencv412/x86/mingw/lib/libopencv_ccalib412.dll.a" />
					<Add library="D:/DEV/LIB/OpenCV-4.1.2_x86_MinGW/Opencv412/x86/mingw/lib/libopencv_core412.dll.a" />
					<Add library="D:/DEV/LIB/OpenCV-4.1.2_x86_MinGW/Opencv412/x86/mingw/lib/libopencv_datasets412.dll.a" />
					<Add library="D:/DEV/LIB/OpenCV-4.1.2_x86_MinGW/Opencv412/x86/mingw/lib/libopencv_dnn_objdetect412.dll.a" />
					<Add library="D:/DEV/LIB/OpenCV-4.1.2_x86_MinGW/Opencv412/x86/mingw/lib/libopencv_dnn_superres412.dll.a" />
					<Add library="D:/DEV/LIB/OpenCV-4.1.2_x86_MinGW/Opencv412/x86/mingw/lib/libopencv_dnn412.dll.a" />
					<Add library="D:/DEV/LIB/OpenCV-4.1.2_x86_MinGW/Opencv412/x86/mingw/lib/libopencv_dpm412.dll.a" />
					<Add library="D:/DEV/LIB/OpenCV-4.1.2_x86_MinGW/Opencv412/x86/mingw/lib/libopencv_face412.dll.a" />
					<Add library="D:/DEV/LIB/OpenCV-4.1.2_x86_MinGW/Opencv412/x86/mingw/lib/libopencv_features2d412.dll.a" />
					<Add library="D:/DEV/LIB/OpenCV-4.1.2_x86_MinGW/Opencv412/x86/mingw/lib/libopencv_flann412.dll.a" />
					<Add library="D:/DEV/LIB/OpenCV-4.1.2_x86_MinGW/Opencv412/x86/mingw/lib/libopencv_fuzzy412.dll.a" />
					<Add library="D:/DEV/LIB/OpenCV-4.1.2_x86_MinGW/Opencv412/x86/mingw/lib/libopencv_gapi412.dll.a" />
					<Add library="D:/DEV/LIB/OpenCV-4.1.2_x86_MinGW/Opencv412/x86/mingw/lib/libopencv_hdf412.dll.a" />
					<Add library="D:/DEV/LIB/OpenCV-4.1.2_x86_MinGW/Opencv412/x86/mingw/lib/libopencv_hfs412.dll.a" />
					<Add library="D:/DEV/LIB/OpenCV-4.1.2_x86_MinGW/Opencv412/x86/mingw/lib/libopencv_highgui412.dll.a" />
					<Add library="D:/DEV/LIB/OpenCV-4.1.2_x86_MinGW/Opencv412/x86/mingw/lib/libopencv_img_hash412.dll.a" />
					<Add library="D:/DEV/LIB/OpenCV-4.1.2_x86_MinGW/Opencv412/x86/mingw/lib/libopencv_imgcodecs412.dll.a" />
					<Add library="D:/DEV/LIB/OpenCV-4.1.2_x86_MinGW/Opencv412/x86/mingw/lib/libopencv_imgproc412.dll.a" />
					<Add library="D:/DEV/LIB/OpenCV-4.1.2_x86_MinGW/Opencv412/x86/mingw/lib/libopencv_line_descriptor412.dll.a" />
					<Add library="D:/DEV/LIB/OpenCV-4.1.2_x86_MinGW/Opencv412/x86/mingw/lib/libopencv_ml412.dll.a" />
					<Add library="D:/DEV/LIB/OpenCV-4.1.2_x86_MinGW/Opencv412/x86/mingw/lib/libopencv_objdetect412.dll.a" />
					<Add library="D:/DEV/LIB/OpenCV-4.1.2_x86_MinGW/Opencv412/x86/mingw/lib/libopencv_optflow412.dll.a" />
					<Add library="D:/DEV/LIB/OpenCV-4.1.2_x86_MinGW/Opencv412/x86/mingw/lib/libopencv_ovis412.dll.a" />
					<Add library="D:/DEV/LIB/OpenCV-4.1.2_x86_MinGW/Opencv412/x86/mingw/lib/libopencv_phase_unwrapping412.dll.a" />
					<Add library="D:/DEV/LIB/OpenCV-4.1.2_x86_MinGW/Opencv412/x86/mingw/lib/libopencv_photo412.dll.a" />
					<Add library="D:/DEV/LIB/OpenCV-4.1.2_x86_MinGW/Opencv412/x86/mingw/lib/libopencv_plot412.dll.a" />
					<Add library="D:/DEV/LIB/OpenCV-4.1.2_x86_MinGW/Opencv412/x86/mingw/lib/libopencv_quality412.dll.a" />
					<Add library="D:/DEV/LIB/OpenCV-4.1.2_x86_MinGW/Opencv412/x86/mingw/lib/libopencv_reg412.dll.a" />
					<Add library="D:/DEV/LIB/OpenCV-4.1.2_x86_MinGW/Opencv412/x86/mingw/lib/libopencv_rgbd412.dll.a" />
					<Add library="D:/DEV/LIB/OpenCV-4.1.2_x86_MinGW/Opencv412/x86/mingw/lib/libopencv_saliency412.dll.a" />
					<Add library="D:/DEV/LIB/OpenCV-4.1.2_x86_MinGW/Opencv412/x86/mingw/lib/libopencv_shape412.dll.a" />
					<Add library="D:/DEV/LIB/OpenCV-4.1.2_x86_MinGW/Opencv412/x86/mingw/lib/libopencv_stereo412.dll.a" />
					<Add library="D:/DEV/LIB/OpenCV-4.1.2_x86_MinGW/Opencv412/x86/mingw/lib/libopencv_stitching412.dll.a" />
					<Add library="D:/DEV/LIB/OpenCV-4.1.2_x86_MinGW/Opencv412/x86/mingw/lib/libopencv_structured_light412.dll.a" />
					<Add library="D:/DEV/LIB/OpenCV-4.1.2_x86_MinGW/Opencv412/x86/mingw/lib/libopencv_superres412.dll.a" />
					<Add library="D:/DEV/LIB/OpenCV-4.1.2_x86_MinGW/Opencv412/x86/mingw/lib/libopencv_surface_matching412.dll.a" />
					<Add library="D:/DEV/LIB/OpenCV-4.1.2_x86_MinGW/Opencv412/x86/mingw/lib/libopencv_text412.dll.a" />
					<Add library="D:/DEV/LIB/OpenCV-4.1.2_x86_MinGW/Opencv412/x86/mingw/lib/libopencv_tracking412.dll.a" />
					<Add library="D:/DEV/LIB/OpenCV-4.1.2_x86_MinGW/Opencv412/x86/mingw/lib/libopencv_video412.dll.a" />
					<Add library="D:/DEV/LIB/OpenCV-4.1.2_x86_MinGW/Opencv412/x86/mingw/lib/libopencv_videoio412.dll.a" />
					<Add library="D:/DEV/LIB/OpenCV-4.1.2_x86_MinGW/Opencv412/x86/mingw/lib/libopencv_videostab412.dll.a" />
					<Add library="D:/DEV/LIB/OpenCV-4.1.2_x86_MinGW/Opencv412/x86/mingw/lib/libopencv_xfeatures2d412.dll.a" />
					<Add library="D:/DEV/LIB/OpenCV-4.1.2_x86_MinGW/Opencv412/x86/mingw/lib/libopencv_ximgproc412.dll.a" />
					<Add library="D:/DEV/LIB/OpenCV-4.1.2_x86_MinGW/Opencv412/x86/mingw/lib/libopencv_xobjdetect412.dll.a" />
					<Add library="D:/DEV/LIB/OpenCV-4.1.2_x86_MinGW/Opencv412/x86/mingw/lib/libopencv_xphoto412.dll.a" />
					<Add directory="$(#opencv.LIB)" />
				</Linker>
			</Target>
		</Build>
		<Compiler>
			<Add option="-Wall" />
		</Compiler>
		<Unit filename="SWMain.cpp" />
		<Extensions>
			<code_completion />
			<envvars />
			<debugger />
		</Extensions>
	</Project>
</CodeBlocks_project_file>
